{
  "pins" : [
    {
      "identity" : "alamofire",
      "kind" : "remoteSourceControl",
      "location" : "https://github.com/Alamofire/Alamofire.git",
      "state" : {
        "revision" : "8dd85aee02e39dd280c75eef88ffdb86eed4b07b",
        "version" : "5.6.2"
      }
    },
    {
      "identity" : "swiftuimargin",
      "kind" : "remoteSourceControl",
      "location" : "https://github.com/karamage/SwiftUIMargin.git",
      "state" : {
        "revision" : "bcd659084d786705f708e8cd458d2a420d5775cf",
        "version" : "0.1.1"
      }
    }
  ],
  "version" : 2
}
