// !$*UTF8*$!
{
	archiveVersion = 1;
	classes = {
	};
	objectVersion = 55;
	objects = {

/* Begin PBXBuildFile section */
		2C87CDE32AD2AA7D00316668 /* ReachEffectView.swift in Sources */ = {isa = PBXBuildFile; fileRef = 2C87CDE22AD2AA7D00316668 /* ReachEffectView.swift */; };
		2CD8DE452ACFD005001C5EC8 /* ConfettiSwiftUI in Frameworks */ = {isa = PBXBuildFile; productRef = 2CD8DE442ACFD005001C5EC8 /* ConfettiSwiftUI */; };
		3A16D40128CB14E80049729B /* Level1KuizApp.swift in Sources */ = {isa = PBXBuildFile; fileRef = 3A16D40028CB14E80049729B /* Level1KuizApp.swift */; };
		3A16D40528CB14EA0049729B /* Assets.xcassets in Resources */ = {isa = PBXBuildFile; fileRef = 3A16D40428CB14EA0049729B /* Assets.xcassets */; };
		3A16D40828CB14EA0049729B /* Preview Assets.xcassets in Resources */ = {isa = PBXBuildFile; fileRef = 3A16D40728CB14EA0049729B /* Preview Assets.xcassets */; };
		3A16D41228CB14EA0049729B /* Level1KuizTests.swift in Sources */ = {isa = PBXBuildFile; fileRef = 3A16D41128CB14EA0049729B /* Level1KuizTests.swift */; };
		3A16D41C28CB14EA0049729B /* Level1KuizUITests.swift in Sources */ = {isa = PBXBuildFile; fileRef = 3A16D41B28CB14EA0049729B /* Level1KuizUITests.swift */; };
		3A16D41E28CB14EA0049729B /* Level1KuizUITestsLaunchTests.swift in Sources */ = {isa = PBXBuildFile; fileRef = 3A16D41D28CB14EA0049729B /* Level1KuizUITestsLaunchTests.swift */; };
		3A295C8928E81A9D00243DBC /* HomeView.swift in Sources */ = {isa = PBXBuildFile; fileRef = 3A295C8828E81A9D00243DBC /* HomeView.swift */; };
		3A337A59293A586A00BD7AE1 /* IntExtension.swift in Sources */ = {isa = PBXBuildFile; fileRef = 3A337A58293A586A00BD7AE1 /* IntExtension.swift */; };
		3A337A5C293A6C4D00BD7AE1 /* SwiftUIMargin in Frameworks */ = {isa = PBXBuildFile; productRef = 3A337A5B293A6C4D00BD7AE1 /* SwiftUIMargin */; };
		3A4C27BA28F162B40077194A /* QuizService.swift in Sources */ = {isa = PBXBuildFile; fileRef = 3A4C27B928F162B40077194A /* QuizService.swift */; };
		3A4C27BD28F189AA0077194A /* ServiceConstant.swift in Sources */ = {isa = PBXBuildFile; fileRef = 3A4C27BC28F189AA0077194A /* ServiceConstant.swift */; };
		3A4C27C228F2A5C10077194A /* ViewExtension.swift in Sources */ = {isa = PBXBuildFile; fileRef = 3A4C27C128F2A5C10077194A /* ViewExtension.swift */; };
		3A8211F628E9DF93007F2479 /* ServiceModel.swift in Sources */ = {isa = PBXBuildFile; fileRef = 3A8211F528E9DF93007F2479 /* ServiceModel.swift */; };
		3A8211FE28EA9320007F2479 /* Alamofire in Frameworks */ = {isa = PBXBuildFile; productRef = 3A8211FD28EA9320007F2479 /* Alamofire */; };
		3AB52A04291F2626004E4441 /* ResultModel.swift in Sources */ = {isa = PBXBuildFile; fileRef = 3AB52A03291F2626004E4441 /* ResultModel.swift */; };
		3ABEF73728F10D28003A92BC /* QuizModel.swift in Sources */ = {isa = PBXBuildFile; fileRef = 3ABEF73628F10D28003A92BC /* QuizModel.swift */; };
		3ABEF73928F11486003A92BC /* HTTPClient.swift in Sources */ = {isa = PBXBuildFile; fileRef = 3ABEF73828F11486003A92BC /* HTTPClient.swift */; };
		589871162AD3E0020099E5D4 /* ShareView.swift in Sources */ = {isa = PBXBuildFile; fileRef = 589871152AD3E0020099E5D4 /* ShareView.swift */; };
		59DA838A2902625E00C79526 /* ResultView.swift in Sources */ = {isa = PBXBuildFile; fileRef = 59DA83892902625E00C79526 /* ResultView.swift */; };
		60A594EB28E165F600E052F2 /* QuizView.swift in Sources */ = {isa = PBXBuildFile; fileRef = 60A594EA28E165F600E052F2 /* QuizView.swift */; };
/* End PBXBuildFile section */

/* Begin PBXContainerItemProxy section */
		3A16D40E28CB14EA0049729B /* PBXContainerItemProxy */ = {
			isa = PBXContainerItemProxy;
			containerPortal = 3A16D3F528CB14E80049729B /* Project object */;
			proxyType = 1;
			remoteGlobalIDString = 3A16D3FC28CB14E80049729B;
			remoteInfo = Level1Kuiz;
		};
		3A16D41828CB14EA0049729B /* PBXContainerItemProxy */ = {
			isa = PBXContainerItemProxy;
			containerPortal = 3A16D3F528CB14E80049729B /* Project object */;
			proxyType = 1;
			remoteGlobalIDString = 3A16D3FC28CB14E80049729B;
			remoteInfo = Level1Kuiz;
		};
/* End PBXContainerItemProxy section */

/* Begin PBXFileReference section */
		2C87CDE22AD2AA7D00316668 /* ReachEffectView.swift */ = {isa = PBXFileReference; lastKnownFileType = sourcecode.swift; path = ReachEffectView.swift; sourceTree = "<group>"; };
		3A16D3FD28CB14E80049729B /* Level1Kuiz.app */ = {isa = PBXFileReference; explicitFileType = wrapper.application; includeInIndex = 0; path = Level1Kuiz.app; sourceTree = BUILT_PRODUCTS_DIR; };
		3A16D40028CB14E80049729B /* Level1KuizApp.swift */ = {isa = PBXFileReference; lastKnownFileType = sourcecode.swift; path = Level1KuizApp.swift; sourceTree = "<group>"; };
		3A16D40428CB14EA0049729B /* Assets.xcassets */ = {isa = PBXFileReference; lastKnownFileType = folder.assetcatalog; path = Assets.xcassets; sourceTree = "<group>"; };
		3A16D40728CB14EA0049729B /* Preview Assets.xcassets */ = {isa = PBXFileReference; lastKnownFileType = folder.assetcatalog; path = "Preview Assets.xcassets"; sourceTree = "<group>"; };
		3A16D40D28CB14EA0049729B /* Level1KuizTests.xctest */ = {isa = PBXFileReference; explicitFileType = wrapper.cfbundle; includeInIndex = 0; path = Level1KuizTests.xctest; sourceTree = BUILT_PRODUCTS_DIR; };
		3A16D41128CB14EA0049729B /* Level1KuizTests.swift */ = {isa = PBXFileReference; lastKnownFileType = sourcecode.swift; path = Level1KuizTests.swift; sourceTree = "<group>"; };
		3A16D41728CB14EA0049729B /* Level1KuizUITests.xctest */ = {isa = PBXFileReference; explicitFileType = wrapper.cfbundle; includeInIndex = 0; path = Level1KuizUITests.xctest; sourceTree = BUILT_PRODUCTS_DIR; };
		3A16D41B28CB14EA0049729B /* Level1KuizUITests.swift */ = {isa = PBXFileReference; lastKnownFileType = sourcecode.swift; path = Level1KuizUITests.swift; sourceTree = "<group>"; };
		3A16D41D28CB14EA0049729B /* Level1KuizUITestsLaunchTests.swift */ = {isa = PBXFileReference; lastKnownFileType = sourcecode.swift; path = Level1KuizUITestsLaunchTests.swift; sourceTree = "<group>"; };
		3A295C8828E81A9D00243DBC /* HomeView.swift */ = {isa = PBXFileReference; lastKnownFileType = sourcecode.swift; path = HomeView.swift; sourceTree = "<group>"; };
		3A337A58293A586A00BD7AE1 /* IntExtension.swift */ = {isa = PBXFileReference; lastKnownFileType = sourcecode.swift; path = IntExtension.swift; sourceTree = "<group>"; };
		3A4C27B928F162B40077194A /* QuizService.swift */ = {isa = PBXFileReference; lastKnownFileType = sourcecode.swift; path = QuizService.swift; sourceTree = "<group>"; };
		3A4C27BC28F189AA0077194A /* ServiceConstant.swift */ = {isa = PBXFileReference; lastKnownFileType = sourcecode.swift; path = ServiceConstant.swift; sourceTree = "<group>"; };
		3A4C27C128F2A5C10077194A /* ViewExtension.swift */ = {isa = PBXFileReference; lastKnownFileType = sourcecode.swift; path = ViewExtension.swift; sourceTree = "<group>"; };
		3A8211F528E9DF93007F2479 /* ServiceModel.swift */ = {isa = PBXFileReference; lastKnownFileType = sourcecode.swift; path = ServiceModel.swift; sourceTree = "<group>"; };
		3AB52A03291F2626004E4441 /* ResultModel.swift */ = {isa = PBXFileReference; lastKnownFileType = sourcecode.swift; path = ResultModel.swift; sourceTree = "<group>"; };
		3ABEF73628F10D28003A92BC /* QuizModel.swift */ = {isa = PBXFileReference; lastKnownFileType = sourcecode.swift; path = QuizModel.swift; sourceTree = "<group>"; };
		3ABEF73828F11486003A92BC /* HTTPClient.swift */ = {isa = PBXFileReference; lastKnownFileType = sourcecode.swift; path = HTTPClient.swift; sourceTree = "<group>"; };
		589871152AD3E0020099E5D4 /* ShareView.swift */ = {isa = PBXFileReference; lastKnownFileType = sourcecode.swift; path = ShareView.swift; sourceTree = "<group>"; };
		59DA83892902625E00C79526 /* ResultView.swift */ = {isa = PBXFileReference; lastKnownFileType = sourcecode.swift; path = ResultView.swift; sourceTree = "<group>"; };
		60A594EA28E165F600E052F2 /* QuizView.swift */ = {isa = PBXFileReference; lastKnownFileType = sourcecode.swift; path = QuizView.swift; sourceTree = "<group>"; };
/* End PBXFileReference section */

/* Begin PBXFrameworksBuildPhase section */
		3A16D3FA28CB14E80049729B /* Frameworks */ = {
			isa = PBXFrameworksBuildPhase;
			buildActionMask = 2147483647;
			files = (
				2CD8DE452ACFD005001C5EC8 /* ConfettiSwiftUI in Frameworks */,
				3A337A5C293A6C4D00BD7AE1 /* SwiftUIMargin in Frameworks */,
				3A8211FE28EA9320007F2479 /* Alamofire in Frameworks */,
			);
			runOnlyForDeploymentPostprocessing = 0;
		};
		3A16D40A28CB14EA0049729B /* Frameworks */ = {
			isa = PBXFrameworksBuildPhase;
			buildActionMask = 2147483647;
			files = (
			);
			runOnlyForDeploymentPostprocessing = 0;
		};
		3A16D41428CB14EA0049729B /* Frameworks */ = {
			isa = PBXFrameworksBuildPhase;
			buildActionMask = 2147483647;
			files = (
			);
			runOnlyForDeploymentPostprocessing = 0;
		};
/* End PBXFrameworksBuildPhase section */

/* Begin PBXGroup section */
		3A16D3F428CB14E80049729B = {
			isa = PBXGroup;
			children = (
				3A16D3FF28CB14E80049729B /* Level1Kuiz */,
				3A16D41028CB14EA0049729B /* Level1KuizTests */,
				3A16D41A28CB14EA0049729B /* Level1KuizUITests */,
				3A16D3FE28CB14E80049729B /* Products */,
			);
			sourceTree = "<group>";
		};
		3A16D3FE28CB14E80049729B /* Products */ = {
			isa = PBXGroup;
			children = (
				3A16D3FD28CB14E80049729B /* Level1Kuiz.app */,
				3A16D40D28CB14EA0049729B /* Level1KuizTests.xctest */,
				3A16D41728CB14EA0049729B /* Level1KuizUITests.xctest */,
			);
			name = Products;
			sourceTree = "<group>";
		};
		3A16D3FF28CB14E80049729B /* Level1Kuiz */ = {
			isa = PBXGroup;
			children = (
				3A16D40028CB14E80049729B /* Level1KuizApp.swift */,
				3A16D40428CB14EA0049729B /* Assets.xcassets */,
				3A4C27BB28F1836A0077194A /* Constant */,
				3A4C27C028F2A5820077194A /* Extension */,
				60D411C928E3D94F00DC2492 /* Model */,
				3A8211F328E9DF58007F2479 /* Network */,
				3A16D40628CB14EA0049729B /* Preview Content */,
				6087BCF828E682F40038C638 /* View */,
			);
			path = Level1Kuiz;
			sourceTree = "<group>";
		};
		3A16D40628CB14EA0049729B /* Preview Content */ = {
			isa = PBXGroup;
			children = (
				3A16D40728CB14EA0049729B /* Preview Assets.xcassets */,
			);
			path = "Preview Content";
			sourceTree = "<group>";
		};
		3A16D41028CB14EA0049729B /* Level1KuizTests */ = {
			isa = PBXGroup;
			children = (
				3A16D41128CB14EA0049729B /* Level1KuizTests.swift */,
			);
			path = Level1KuizTests;
			sourceTree = "<group>";
		};
		3A16D41A28CB14EA0049729B /* Level1KuizUITests */ = {
			isa = PBXGroup;
			children = (
				3A16D41B28CB14EA0049729B /* Level1KuizUITests.swift */,
				3A16D41D28CB14EA0049729B /* Level1KuizUITestsLaunchTests.swift */,
			);
			path = Level1KuizUITests;
			sourceTree = "<group>";
		};
		3A295C8728E81A8F00243DBC /* Home */ = {
			isa = PBXGroup;
			children = (
				3A295C8828E81A9D00243DBC /* HomeView.swift */,
			);
			path = Home;
			sourceTree = "<group>";
		};
		3A4C27B828F1615D0077194A /* Service */ = {
			isa = PBXGroup;
			children = (
				3A4C27B928F162B40077194A /* QuizService.swift */,
			);
			path = Service;
			sourceTree = "<group>";
		};
		3A4C27BB28F1836A0077194A /* Constant */ = {
			isa = PBXGroup;
			children = (
				3A4C27BC28F189AA0077194A /* ServiceConstant.swift */,
			);
			path = Constant;
			sourceTree = "<group>";
		};
		3A4C27C028F2A5820077194A /* Extension */ = {
			isa = PBXGroup;
			children = (
				3A4C27C128F2A5C10077194A /* ViewExtension.swift */,
				3A337A58293A586A00BD7AE1 /* IntExtension.swift */,
			);
			path = Extension;
			sourceTree = "<group>";
		};
		3A8211F328E9DF58007F2479 /* Network */ = {
			isa = PBXGroup;
			children = (
				3A4C27B828F1615D0077194A /* Service */,
				3ABEF73828F11486003A92BC /* HTTPClient.swift */,
			);
			path = Network;
			sourceTree = "<group>";
		};
		6087BCF528E682AC0038C638 /* Result */ = {
			isa = PBXGroup;
			children = (
				59DA83892902625E00C79526 /* ResultView.swift */,
				589871152AD3E0020099E5D4 /* ShareView.swift */,
			);
			path = Result;
			sourceTree = "<group>";
		};
		6087BCF828E682F40038C638 /* View */ = {
			isa = PBXGroup;
			children = (
				3A295C8728E81A8F00243DBC /* Home */,
				60A594E928E1605F00E052F2 /* Quiz */,
				6087BCF528E682AC0038C638 /* Result */,
			);
			path = View;
			sourceTree = "<group>";
		};
		60A594E928E1605F00E052F2 /* Quiz */ = {
			isa = PBXGroup;
			children = (
				60A594EA28E165F600E052F2 /* QuizView.swift */,
				2C87CDE22AD2AA7D00316668 /* ReachEffectView.swift */,
			);
			path = Quiz;
			sourceTree = "<group>";
		};
		60D411C928E3D94F00DC2492 /* Model */ = {
			isa = PBXGroup;
			children = (
				3ABEF73628F10D28003A92BC /* QuizModel.swift */,
				3A8211F528E9DF93007F2479 /* ServiceModel.swift */,
				3AB52A03291F2626004E4441 /* ResultModel.swift */,
			);
			path = Model;
			sourceTree = "<group>";
		};
/* End PBXGroup section */

/* Begin PBXNativeTarget section */
		3A16D3FC28CB14E80049729B /* Level1Kuiz */ = {
			isa = PBXNativeTarget;
			buildConfigurationList = 3A16D42128CB14EA0049729B /* Build configuration list for PBXNativeTarget "Level1Kuiz" */;
			buildPhases = (
				3A16D3F928CB14E80049729B /* Sources */,
				3A16D3FA28CB14E80049729B /* Frameworks */,
				3A16D3FB28CB14E80049729B /* Resources */,
				3A16D42C28CB154F0049729B /* ShellScript */,
			);
			buildRules = (
			);
			dependencies = (
			);
			name = Level1Kuiz;
			packageProductDependencies = (
				3A8211FD28EA9320007F2479 /* Alamofire */,
				3A337A5B293A6C4D00BD7AE1 /* SwiftUIMargin */,
				2CD8DE442ACFD005001C5EC8 /* ConfettiSwiftUI */,
			);
			productName = Level1Kuiz;
			productReference = 3A16D3FD28CB14E80049729B /* Level1Kuiz.app */;
			productType = "com.apple.product-type.application";
		};
		3A16D40C28CB14EA0049729B /* Level1KuizTests */ = {
			isa = PBXNativeTarget;
			buildConfigurationList = 3A16D42428CB14EA0049729B /* Build configuration list for PBXNativeTarget "Level1KuizTests" */;
			buildPhases = (
				3A16D40928CB14EA0049729B /* Sources */,
				3A16D40A28CB14EA0049729B /* Frameworks */,
				3A16D40B28CB14EA0049729B /* Resources */,
			);
			buildRules = (
			);
			dependencies = (
				3A16D40F28CB14EA0049729B /* PBXTargetDependency */,
			);
			name = Level1KuizTests;
			productName = Level1KuizTests;
			productReference = 3A16D40D28CB14EA0049729B /* Level1KuizTests.xctest */;
			productType = "com.apple.product-type.bundle.unit-test";
		};
		3A16D41628CB14EA0049729B /* Level1KuizUITests */ = {
			isa = PBXNativeTarget;
			buildConfigurationList = 3A16D42728CB14EA0049729B /* Build configuration list for PBXNativeTarget "Level1KuizUITests" */;
			buildPhases = (
				3A16D41328CB14EA0049729B /* Sources */,
				3A16D41428CB14EA0049729B /* Frameworks */,
				3A16D41528CB14EA0049729B /* Resources */,
			);
			buildRules = (
			);
			dependencies = (
				3A16D41928CB14EA0049729B /* PBXTargetDependency */,
			);
			name = Level1KuizUITests;
			productName = Level1KuizUITests;
			productReference = 3A16D41728CB14EA0049729B /* Level1KuizUITests.xctest */;
			productType = "com.apple.product-type.bundle.ui-testing";
		};
/* End PBXNativeTarget section */

/* Begin PBXProject section */
		3A16D3F528CB14E80049729B /* Project object */ = {
			isa = PBXProject;
			attributes = {
				BuildIndependentTargetsInParallel = 1;
				LastSwiftUpdateCheck = 1340;
				LastUpgradeCheck = 1340;
				TargetAttributes = {
					3A16D3FC28CB14E80049729B = {
						CreatedOnToolsVersion = 13.4.1;
					};
					3A16D40C28CB14EA0049729B = {
						CreatedOnToolsVersion = 13.4.1;
						TestTargetID = 3A16D3FC28CB14E80049729B;
					};
					3A16D41628CB14EA0049729B = {
						CreatedOnToolsVersion = 13.4.1;
						TestTargetID = 3A16D3FC28CB14E80049729B;
					};
				};
			};
			buildConfigurationList = 3A16D3F828CB14E80049729B /* Build configuration list for PBXProject "Level1Kuiz" */;
			compatibilityVersion = "Xcode 13.0";
			developmentRegion = en;
			hasScannedForEncodings = 0;
			knownRegions = (
				en,
				Base,
			);
			mainGroup = 3A16D3F428CB14E80049729B;
			packageReferences = (
				3A8211FC28EA9320007F2479 /* XCRemoteSwiftPackageReference "Alamofire" */,
				3A337A5A293A6C4D00BD7AE1 /* XCRemoteSwiftPackageReference "SwiftUIMargin" */,
				2CD8DE432ACFD005001C5EC8 /* XCRemoteSwiftPackageReference "ConfettiSwiftUI" */,
			);
			productRefGroup = 3A16D3FE28CB14E80049729B /* Products */;
			projectDirPath = "";
			projectRoot = "";
			targets = (
				3A16D3FC28CB14E80049729B /* Level1Kuiz */,
				3A16D40C28CB14EA0049729B /* Level1KuizTests */,
				3A16D41628CB14EA0049729B /* Level1KuizUITests */,
			);
		};
/* End PBXProject section */

/* Begin PBXResourcesBuildPhase section */
		3A16D3FB28CB14E80049729B /* Resources */ = {
			isa = PBXResourcesBuildPhase;
			buildActionMask = 2147483647;
			files = (
				3A16D40828CB14EA0049729B /* Preview Assets.xcassets in Resources */,
				3A16D40528CB14EA0049729B /* Assets.xcassets in Resources */,
			);
			runOnlyForDeploymentPostprocessing = 0;
		};
		3A16D40B28CB14EA0049729B /* Resources */ = {
			isa = PBXResourcesBuildPhase;
			buildActionMask = 2147483647;
			files = (
			);
			runOnlyForDeploymentPostprocessing = 0;
		};
		3A16D41528CB14EA0049729B /* Resources */ = {
			isa = PBXResourcesBuildPhase;
			buildActionMask = 2147483647;
			files = (
			);
			runOnlyForDeploymentPostprocessing = 0;
		};
/* End PBXResourcesBuildPhase section */

/* Begin PBXShellScriptBuildPhase section */
		3A16D42C28CB154F0049729B /* ShellScript */ = {
			isa = PBXShellScriptBuildPhase;
			alwaysOutOfDate = 1;
			buildActionMask = 2147483647;
			files = (
			);
			inputFileListPaths = (
			);
			inputPaths = (
			);
			outputFileListPaths = (
			);
			outputPaths = (
			);
			runOnlyForDeploymentPostprocessing = 0;
			shellPath = /bin/sh;
			shellScript = "export PATH=\"$PATH:/opt/homebrew/bin\"\n\nif which swiftlint > /dev/null; then\n  swiftlint --fix\nelse\n  echo \"warning: SwiftLint not installed, download from https://github.com/realm/SwiftLint\"\nfi\n";
		};
/* End PBXShellScriptBuildPhase section */

/* Begin PBXSourcesBuildPhase section */
		3A16D3F928CB14E80049729B /* Sources */ = {
			isa = PBXSourcesBuildPhase;
			buildActionMask = 2147483647;
			files = (
				3A8211F628E9DF93007F2479 /* ServiceModel.swift in Sources */,
				2C87CDE32AD2AA7D00316668 /* ReachEffectView.swift in Sources */,
				3A295C8928E81A9D00243DBC /* HomeView.swift in Sources */,
				3A4C27BA28F162B40077194A /* QuizService.swift in Sources */,
				59DA838A2902625E00C79526 /* ResultView.swift in Sources */,
				3ABEF73928F11486003A92BC /* HTTPClient.swift in Sources */,
				3A4C27C228F2A5C10077194A /* ViewExtension.swift in Sources */,
				3A337A59293A586A00BD7AE1 /* IntExtension.swift in Sources */,
				3A16D40128CB14E80049729B /* Level1KuizApp.swift in Sources */,
				3ABEF73728F10D28003A92BC /* QuizModel.swift in Sources */,
				589871162AD3E0020099E5D4 /* ShareView.swift in Sources */,
				60A594EB28E165F600E052F2 /* QuizView.swift in Sources */,
				3AB52A04291F2626004E4441 /* ResultModel.swift in Sources */,
				3A4C27BD28F189AA0077194A /* ServiceConstant.swift in Sources */,
			);
			runOnlyForDeploymentPostprocessing = 0;
		};
		3A16D40928CB14EA0049729B /* Sources */ = {
			isa = PBXSourcesBuildPhase;
			buildActionMask = 2147483647;
			files = (
				3A16D41228CB14EA0049729B /* Level1KuizTests.swift in Sources */,
			);
			runOnlyForDeploymentPostprocessing = 0;
		};
		3A16D41328CB14EA0049729B /* Sources */ = {
			isa = PBXSourcesBuildPhase;
			buildActionMask = 2147483647;
			files = (
				3A16D41E28CB14EA0049729B /* Level1KuizUITestsLaunchTests.swift in Sources */,
				3A16D41C28CB14EA0049729B /* Level1KuizUITests.swift in Sources */,
			);
			runOnlyForDeploymentPostprocessing = 0;
		};
/* End PBXSourcesBuildPhase section */

/* Begin PBXTargetDependency section */
		3A16D40F28CB14EA0049729B /* PBXTargetDependency */ = {
			isa = PBXTargetDependency;
			target = 3A16D3FC28CB14E80049729B /* Level1Kuiz */;
			targetProxy = 3A16D40E28CB14EA0049729B /* PBXContainerItemProxy */;
		};
		3A16D41928CB14EA0049729B /* PBXTargetDependency */ = {
			isa = PBXTargetDependency;
			target = 3A16D3FC28CB14E80049729B /* Level1Kuiz */;
			targetProxy = 3A16D41828CB14EA0049729B /* PBXContainerItemProxy */;
		};
/* End PBXTargetDependency section */

/* Begin XCBuildConfiguration section */
		3A16D41F28CB14EA0049729B /* Debug */ = {
			isa = XCBuildConfiguration;
			buildSettings = {
				ALWAYS_SEARCH_USER_PATHS = NO;
				CLANG_ANALYZER_NONNULL = YES;
				CLANG_ANALYZER_NUMBER_OBJECT_CONVERSION = YES_AGGRESSIVE;
				CLANG_CXX_LANGUAGE_STANDARD = "gnu++17";
				CLANG_ENABLE_MODULES = YES;
				CLANG_ENABLE_OBJC_ARC = YES;
				CLANG_ENABLE_OBJC_WEAK = YES;
				CLANG_WARN_BLOCK_CAPTURE_AUTORELEASING = YES;
				CLANG_WARN_BOOL_CONVERSION = YES;
				CLANG_WARN_COMMA = YES;
				CLANG_WARN_CONSTANT_CONVERSION = YES;
				CLANG_WARN_DEPRECATED_OBJC_IMPLEMENTATIONS = YES;
				CLANG_WARN_DIRECT_OBJC_ISA_USAGE = YES_ERROR;
				CLANG_WARN_DOCUMENTATION_COMMENTS = YES;
				CLANG_WARN_EMPTY_BODY = YES;
				CLANG_WARN_ENUM_CONVERSION = YES;
				CLANG_WARN_INFINITE_RECURSION = YES;
				CLANG_WARN_INT_CONVERSION = YES;
				CLANG_WARN_NON_LITERAL_NULL_CONVERSION = YES;
				CLANG_WARN_OBJC_IMPLICIT_RETAIN_SELF = YES;
				CLANG_WARN_OBJC_LITERAL_CONVERSION = YES;
				CLANG_WARN_OBJC_ROOT_CLASS = YES_ERROR;
				CLANG_WARN_QUOTED_INCLUDE_IN_FRAMEWORK_HEADER = YES;
				CLANG_WARN_RANGE_LOOP_ANALYSIS = YES;
				CLANG_WARN_STRICT_PROTOTYPES = YES;
				CLANG_WARN_SUSPICIOUS_MOVE = YES;
				CLANG_WARN_UNGUARDED_AVAILABILITY = YES_AGGRESSIVE;
				CLANG_WARN_UNREACHABLE_CODE = YES;
				CLANG_WARN__DUPLICATE_METHOD_MATCH = YES;
				COPY_PHASE_STRIP = NO;
				DEBUG_INFORMATION_FORMAT = dwarf;
				ENABLE_STRICT_OBJC_MSGSEND = YES;
				ENABLE_TESTABILITY = YES;
				GCC_C_LANGUAGE_STANDARD = gnu11;
				GCC_DYNAMIC_NO_PIC = NO;
				GCC_NO_COMMON_BLOCKS = YES;
				GCC_OPTIMIZATION_LEVEL = 0;
				GCC_PREPROCESSOR_DEFINITIONS = (
					"DEBUG=1",
					"$(inherited)",
				);
				GCC_WARN_64_TO_32_BIT_CONVERSION = YES;
				GCC_WARN_ABOUT_RETURN_TYPE = YES_ERROR;
				GCC_WARN_UNDECLARED_SELECTOR = YES;
				GCC_WARN_UNINITIALIZED_AUTOS = YES_AGGRESSIVE;
				GCC_WARN_UNUSED_FUNCTION = YES;
				GCC_WARN_UNUSED_VARIABLE = YES;
				IPHONEOS_DEPLOYMENT_TARGET = 16.0;
				MTL_ENABLE_DEBUG_INFO = INCLUDE_SOURCE;
				MTL_FAST_MATH = YES;
				ONLY_ACTIVE_ARCH = YES;
				SDKROOT = iphoneos;
				SWIFT_ACTIVE_COMPILATION_CONDITIONS = DEBUG;
				SWIFT_OPTIMIZATION_LEVEL = "-Onone";
			};
			name = Debug;
		};
		3A16D42028CB14EA0049729B /* Release */ = {
			isa = XCBuildConfiguration;
			buildSettings = {
				ALWAYS_SEARCH_USER_PATHS = NO;
				CLANG_ANALYZER_NONNULL = YES;
				CLANG_ANALYZER_NUMBER_OBJECT_CONVERSION = YES_AGGRESSIVE;
				CLANG_CXX_LANGUAGE_STANDARD = "gnu++17";
				CLANG_ENABLE_MODULES = YES;
				CLANG_ENABLE_OBJC_ARC = YES;
				CLANG_ENABLE_OBJC_WEAK = YES;
				CLANG_WARN_BLOCK_CAPTURE_AUTORELEASING = YES;
				CLANG_WARN_BOOL_CONVERSION = YES;
				CLANG_WARN_COMMA = YES;
				CLANG_WARN_CONSTANT_CONVERSION = YES;
				CLANG_WARN_DEPRECATED_OBJC_IMPLEMENTATIONS = YES;
				CLANG_WARN_DIRECT_OBJC_ISA_USAGE = YES_ERROR;
				CLANG_WARN_DOCUMENTATION_COMMENTS = YES;
				CLANG_WARN_EMPTY_BODY = YES;
				CLANG_WARN_ENUM_CONVERSION = YES;
				CLANG_WARN_INFINITE_RECURSION = YES;
				CLANG_WARN_INT_CONVERSION = YES;
				CLANG_WARN_NON_LITERAL_NULL_CONVERSION = YES;
				CLANG_WARN_OBJC_IMPLICIT_RETAIN_SELF = YES;
				CLANG_WARN_OBJC_LITERAL_CONVERSION = YES;
				CLANG_WARN_OBJC_ROOT_CLASS = YES_ERROR;
				CLANG_WARN_QUOTED_INCLUDE_IN_FRAMEWORK_HEADER = YES;
				CLANG_WARN_RANGE_LOOP_ANALYSIS = YES;
				CLANG_WARN_STRICT_PROTOTYPES = YES;
				CLANG_WARN_SUSPICIOUS_MOVE = YES;
				CLANG_WARN_UNGUARDED_AVAILABILITY = YES_AGGRESSIVE;
				CLANG_WARN_UNREACHABLE_CODE = YES;
				CLANG_WARN__DUPLICATE_METHOD_MATCH = YES;
				COPY_PHASE_STRIP = NO;
				DEBUG_INFORMATION_FORMAT = "dwarf-with-dsym";
				ENABLE_NS_ASSERTIONS = NO;
				ENABLE_STRICT_OBJC_MSGSEND = YES;
				GCC_C_LANGUAGE_STANDARD = gnu11;
				GCC_NO_COMMON_BLOCKS = YES;
				GCC_WARN_64_TO_32_BIT_CONVERSION = YES;
				GCC_WARN_ABOUT_RETURN_TYPE = YES_ERROR;
				GCC_WARN_UNDECLARED_SELECTOR = YES;
				GCC_WARN_UNINITIALIZED_AUTOS = YES_AGGRESSIVE;
				GCC_WARN_UNUSED_FUNCTION = YES;
				GCC_WARN_UNUSED_VARIABLE = YES;
				IPHONEOS_DEPLOYMENT_TARGET = 16.0;
				MTL_ENABLE_DEBUG_INFO = NO;
				MTL_FAST_MATH = YES;
				SDKROOT = iphoneos;
				SWIFT_COMPILATION_MODE = wholemodule;
				SWIFT_OPTIMIZATION_LEVEL = "-O";
				VALIDATE_PRODUCT = YES;
			};
			name = Release;
		};
		3A16D42228CB14EA0049729B /* Debug */ = {
			isa = XCBuildConfiguration;
			buildSettings = {
				ASSETCATALOG_COMPILER_APPICON_NAME = AppIcon;
				ASSETCATALOG_COMPILER_GLOBAL_ACCENT_COLOR_NAME = AccentColor;
				CODE_SIGN_STYLE = Automatic;
				CURRENT_PROJECT_VERSION = 1;
				DEVELOPMENT_ASSET_PATHS = "\"Level1Kuiz/Preview Content\"";
				DEVELOPMENT_TEAM = G7X65ZSJ3J;
				ENABLE_PREVIEWS = YES;
				GENERATE_INFOPLIST_FILE = YES;
				INFOPLIST_KEY_CFBundleDisplayName = Kuiz;
				INFOPLIST_KEY_LSApplicationCategoryType = "public.app-category.education";
				INFOPLIST_KEY_UIApplicationSceneManifest_Generation = YES;
				INFOPLIST_KEY_UIApplicationSupportsIndirectInputEvents = YES;
				INFOPLIST_KEY_UILaunchScreen_Generation = YES;
				INFOPLIST_KEY_UISupportedInterfaceOrientations = "UIInterfaceOrientationPortrait UIInterfaceOrientationPortraitUpsideDown";
				IPHONEOS_DEPLOYMENT_TARGET = 16.0;
				LD_RUNPATH_SEARCH_PATHS = (
					"$(inherited)",
					"@executable_path/Frameworks",
				);
				MARKETING_VERSION = 1.0.4;
				PRODUCT_BUNDLE_IDENTIFIER = com.swiftcodingclub.Kuiz;
				PRODUCT_NAME = "$(TARGET_NAME)";
				SUPPORTED_PLATFORMS = "iphoneos iphonesimulator";
				SUPPORTS_MACCATALYST = NO;
				SUPPORTS_MAC_DESIGNED_FOR_IPHONE_IPAD = YES;
				SWIFT_EMIT_LOC_STRINGS = YES;
				SWIFT_VERSION = 5.0;
				TARGETED_DEVICE_FAMILY = 1;
			};
			name = Debug;
		};
		3A16D42328CB14EA0049729B /* Release */ = {
			isa = XCBuildConfiguration;
			buildSettings = {
				ASSETCATALOG_COMPILER_APPICON_NAME = AppIcon;
				ASSETCATALOG_COMPILER_GLOBAL_ACCENT_COLOR_NAME = AccentColor;
				CODE_SIGN_STYLE = Automatic;
				CURRENT_PROJECT_VERSION = 1;
				DEVELOPMENT_ASSET_PATHS = "\"Level1Kuiz/Preview Content\"";
				DEVELOPMENT_TEAM = G7X65ZSJ3J;
				ENABLE_PREVIEWS = YES;
				GENERATE_INFOPLIST_FILE = YES;
				INFOPLIST_KEY_CFBundleDisplayName = Kuiz;
				INFOPLIST_KEY_LSApplicationCategoryType = "public.app-category.education";
				INFOPLIST_KEY_UIApplicationSceneManifest_Generation = YES;
				INFOPLIST_KEY_UIApplicationSupportsIndirectInputEvents = YES;
				INFOPLIST_KEY_UILaunchScreen_Generation = YES;
				INFOPLIST_KEY_UISupportedInterfaceOrientations = "UIInterfaceOrientationPortrait UIInterfaceOrientationPortraitUpsideDown";
				IPHONEOS_DEPLOYMENT_TARGET = 16.0;
				LD_RUNPATH_SEARCH_PATHS = (
					"$(inherited)",
					"@executable_path/Frameworks",
				);
				MARKETING_VERSION = 1.0.4;
				PRODUCT_BUNDLE_IDENTIFIER = com.swiftcodingclub.Kuiz;
				PRODUCT_NAME = "$(TARGET_NAME)";
				SUPPORTED_PLATFORMS = "iphoneos iphonesimulator";
				SUPPORTS_MACCATALYST = NO;
				SUPPORTS_MAC_DESIGNED_FOR_IPHONE_IPAD = YES;
				SWIFT_EMIT_LOC_STRINGS = YES;
				SWIFT_VERSION = 5.0;
				TARGETED_DEVICE_FAMILY = 1;
			};
			name = Release;
		};
		3A16D42528CB14EA0049729B /* Debug */ = {
			isa = XCBuildConfiguration;
			buildSettings = {
				ALWAYS_EMBED_SWIFT_STANDARD_LIBRARIES = YES;
				BUNDLE_LOADER = "$(TEST_HOST)";
				CODE_SIGN_STYLE = Automatic;
				CURRENT_PROJECT_VERSION = 1;
				DEVELOPMENT_TEAM = QGAQ3AY3R3;
				GENERATE_INFOPLIST_FILE = YES;
				IPHONEOS_DEPLOYMENT_TARGET = 15.5;
				MARKETING_VERSION = 1.0;
				PRODUCT_BUNDLE_IDENTIFIER = com.swiftcodingclub.KuizTests;
				PRODUCT_NAME = "$(TARGET_NAME)";
				SUPPORTED_PLATFORMS = "iphoneos iphonesimulator";
				SUPPORTS_MACCATALYST = NO;
				SUPPORTS_MAC_DESIGNED_FOR_IPHONE_IPAD = YES;
				SWIFT_EMIT_LOC_STRINGS = NO;
				SWIFT_VERSION = 5.0;
				TARGETED_DEVICE_FAMILY = 1;
				TEST_HOST = "$(BUILT_PRODUCTS_DIR)/Level1Kuiz.app/Level1Kuiz";
			};
			name = Debug;
		};
		3A16D42628CB14EA0049729B /* Release */ = {
			isa = XCBuildConfiguration;
			buildSettings = {
				ALWAYS_EMBED_SWIFT_STANDARD_LIBRARIES = YES;
				BUNDLE_LOADER = "$(TEST_HOST)";
				CODE_SIGN_STYLE = Automatic;
				CURRENT_PROJECT_VERSION = 1;
				DEVELOPMENT_TEAM = QGAQ3AY3R3;
				GENERATE_INFOPLIST_FILE = YES;
				IPHONEOS_DEPLOYMENT_TARGET = 15.5;
				MARKETING_VERSION = 1.0;
				PRODUCT_BUNDLE_IDENTIFIER = com.swiftcodingclub.KuizTests;
				PRODUCT_NAME = "$(TARGET_NAME)";
				SUPPORTED_PLATFORMS = "iphoneos iphonesimulator";
				SUPPORTS_MACCATALYST = NO;
				SUPPORTS_MAC_DESIGNED_FOR_IPHONE_IPAD = YES;
				SWIFT_EMIT_LOC_STRINGS = NO;
				SWIFT_VERSION = 5.0;
				TARGETED_DEVICE_FAMILY = 1;
				TEST_HOST = "$(BUILT_PRODUCTS_DIR)/Level1Kuiz.app/Level1Kuiz";
			};
			name = Release;
		};
		3A16D42828CB14EA0049729B /* Debug */ = {
			isa = XCBuildConfiguration;
			buildSettings = {
				ALWAYS_EMBED_SWIFT_STANDARD_LIBRARIES = YES;
				CODE_SIGN_STYLE = Automatic;
				CURRENT_PROJECT_VERSION = 1;
				DEVELOPMENT_TEAM = QGAQ3AY3R3;
				GENERATE_INFOPLIST_FILE = YES;
				MARKETING_VERSION = 1.0;
				PRODUCT_BUNDLE_IDENTIFIER = com.swiftcodingclub.KuizTests;
				PRODUCT_NAME = "$(TARGET_NAME)";
				SUPPORTED_PLATFORMS = "iphoneos iphonesimulator";
				SUPPORTS_MACCATALYST = NO;
				SUPPORTS_MAC_DESIGNED_FOR_IPHONE_IPAD = YES;
				SWIFT_EMIT_LOC_STRINGS = NO;
				SWIFT_VERSION = 5.0;
				TARGETED_DEVICE_FAMILY = 1;
				TEST_TARGET_NAME = Level1Kuiz;
			};
			name = Debug;
		};
		3A16D42928CB14EA0049729B /* Release */ = {
			isa = XCBuildConfiguration;
			buildSettings = {
				ALWAYS_EMBED_SWIFT_STANDARD_LIBRARIES = YES;
				CODE_SIGN_STYLE = Automatic;
				CURRENT_PROJECT_VERSION = 1;
				DEVELOPMENT_TEAM = QGAQ3AY3R3;
				GENERATE_INFOPLIST_FILE = YES;
				MARKETING_VERSION = 1.0;
				PRODUCT_BUNDLE_IDENTIFIER = com.swiftcodingclub.KuizTests;
				PRODUCT_NAME = "$(TARGET_NAME)";
				SUPPORTED_PLATFORMS = "iphoneos iphonesimulator";
				SUPPORTS_MACCATALYST = NO;
				SUPPORTS_MAC_DESIGNED_FOR_IPHONE_IPAD = YES;
				SWIFT_EMIT_LOC_STRINGS = NO;
				SWIFT_VERSION = 5.0;
				TARGETED_DEVICE_FAMILY = 1;
				TEST_TARGET_NAME = Level1Kuiz;
			};
			name = Release;
		};
/* End XCBuildConfiguration section */

/* Begin XCConfigurationList section */
		3A16D3F828CB14E80049729B /* Build configuration list for PBXProject "Level1Kuiz" */ = {
			isa = XCConfigurationList;
			buildConfigurations = (
				3A16D41F28CB14EA0049729B /* Debug */,
				3A16D42028CB14EA0049729B /* Release */,
			);
			defaultConfigurationIsVisible = 0;
			defaultConfigurationName = Release;
		};
		3A16D42128CB14EA0049729B /* Build configuration list for PBXNativeTarget "Level1Kuiz" */ = {
			isa = XCConfigurationList;
			buildConfigurations = (
				3A16D42228CB14EA0049729B /* Debug */,
				3A16D42328CB14EA0049729B /* Release */,
			);
			defaultConfigurationIsVisible = 0;
			defaultConfigurationName = Release;
		};
		3A16D42428CB14EA0049729B /* Build configuration list for PBXNativeTarget "Level1KuizTests" */ = {
			isa = XCConfigurationList;
			buildConfigurations = (
				3A16D42528CB14EA0049729B /* Debug */,
				3A16D42628CB14EA0049729B /* Release */,
			);
			defaultConfigurationIsVisible = 0;
			defaultConfigurationName = Release;
		};
		3A16D42728CB14EA0049729B /* Build configuration list for PBXNativeTarget "Level1KuizUITests" */ = {
			isa = XCConfigurationList;
			buildConfigurations = (
				3A16D42828CB14EA0049729B /* Debug */,
				3A16D42928CB14EA0049729B /* Release */,
			);
			defaultConfigurationIsVisible = 0;
			defaultConfigurationName = Release;
		};
/* End XCConfigurationList section */

/* Begin XCRemoteSwiftPackageReference section */
		2CD8DE432ACFD005001C5EC8 /* XCRemoteSwiftPackageReference "ConfettiSwiftUI" */ = {
			isa = XCRemoteSwiftPackageReference;
			repositoryURL = "https://github.com/simibac/ConfettiSwiftUI.git";
			requirement = {
				kind = upToNextMajorVersion;
				minimumVersion = 1.1.0;
			};
		};
		3A337A5A293A6C4D00BD7AE1 /* XCRemoteSwiftPackageReference "SwiftUIMargin" */ = {
			isa = XCRemoteSwiftPackageReference;
			repositoryURL = "https://github.com/karamage/SwiftUIMargin.git";
			requirement = {
				kind = upToNextMajorVersion;
				minimumVersion = 0.1.1;
			};
		};
		3A8211FC28EA9320007F2479 /* XCRemoteSwiftPackageReference "Alamofire" */ = {
			isa = XCRemoteSwiftPackageReference;
			repositoryURL = "https://github.com/Alamofire/Alamofire.git";
			requirement = {
				kind = upToNextMajorVersion;
				minimumVersion = 5.0.0;
			};
		};
/* End XCRemoteSwiftPackageReference section */

/* Begin XCSwiftPackageProductDependency section */
		2CD8DE442ACFD005001C5EC8 /* ConfettiSwiftUI */ = {
			isa = XCSwiftPackageProductDependency;
			package = 2CD8DE432ACFD005001C5EC8 /* XCRemoteSwiftPackageReference "ConfettiSwiftUI" */;
			productName = ConfettiSwiftUI;
		};
		3A337A5B293A6C4D00BD7AE1 /* SwiftUIMargin */ = {
			isa = XCSwiftPackageProductDependency;
			package = 3A337A5A293A6C4D00BD7AE1 /* XCRemoteSwiftPackageReference "SwiftUIMargin" */;
			productName = SwiftUIMargin;
		};
		3A8211FD28EA9320007F2479 /* Alamofire */ = {
			isa = XCSwiftPackageProductDependency;
			package = 3A8211FC28EA9320007F2479 /* XCRemoteSwiftPackageReference "Alamofire" */;
			productName = Alamofire;
		};
/* End XCSwiftPackageProductDependency section */
	};
	rootObject = 3A16D3F528CB14E80049729B /* Project object */;
}
